{
  "nodes": {
    "nixpkgs": {
      "locked": {
        "lastModified": 1677852945,
        "narHash": "sha256-liiVJjkBTuBTAkRW3hrI8MbPD2ImYzwUpa7kvteiKhM=",
        "owner": "NixOS",
        "repo": "nixpkgs",
        "rev": "f5ffd5787786dde3a8bf648c7a1b5f78c4e01abb",
        "type": "github"
      },
      "original": {
        "id": "nixpkgs",
        "rev": "f5ffd5787786dde3a8bf648c7a1b5f78c4e01abb",
        "type": "indirect"
      }
    },
    "pyexbase": {
      "inputs": {
        "textapp-pkgs": [
          "udpipe_ext",
          "pylp",
          "textapp-pkgs"
        ]
      },
      "locked": {
        "lastModified": 1678116281,
        "narHash": "sha256-AuKQXGN2dNBbZAhUC0DKgeSHGMiUVO7vltUV6DcPPfs=",
        "ref": "refs/heads/master",
        "rev": "d8e59f8f4a16c847f2b49b1845fdb71627f9a353",
        "revCount": 18,
        "type": "git",
        "url": "ssh://git@tsa04.isa.ru/textapp/pyexbase"
      },
      "original": {
        "type": "git",
        "url": "ssh://git@tsa04.isa.ru/textapp/pyexbase"
      }
    },
    "pylp": {
      "inputs": {
        "pyexbase": "pyexbase",
        "textapp-pkgs": [
          "udpipe_ext",
          "textapp-pkgs"
        ]
      },
      "locked": {
        "lastModified": 1678116465,
        "narHash": "sha256-9nhwDddoD+9k4V+W1Hqm6N0CmAsLzF6mVRSDN6IKXB8=",
        "ref": "refs/heads/master",
        "rev": "765660195ed8be3967ee05a1dcb119b934582f29",
        "revCount": 98,
        "type": "git",
        "url": "ssh://git@tsa04.isa.ru/textapp/pylp"
      },
      "original": {
        "type": "git",
        "url": "ssh://git@tsa04.isa.ru/textapp/pylp"
      }
    },
    "razdel-fork": {
      "inputs": {
        "textapp-pkgs": [
          "udpipe_ext",
          "textapp-pkgs"
        ]
      },
      "locked": {
        "lastModified": 1678119462,
        "narHash": "sha256-OcnVV1eZvLszSnExgND0yuSUQJ8mYGxqAWAy2pp/79s=",
        "owner": "dvzubarev",
        "repo": "razdel",
        "rev": "da066c374a27881b476d220f1afea5f6afbb4c55",
        "type": "github"
      },
      "original": {
        "owner": "dvzubarev",
        "repo": "razdel",
        "type": "github"
      }
    },
    "root": {
      "inputs": {
        "textapp-pkgs": "textapp-pkgs",
        "udpipe_ext": "udpipe_ext"
      }
    },
    "textapp-pkgs": {
      "inputs": {
        "nixpkgs": "nixpkgs"
      },
      "locked": {
        "lastModified": 1678121579,
        "narHash": "sha256-6qxat69QCibz87IrovZxHsBiohxPR/xWJr7DtEeS4b0=",
        "ref": "refs/heads/master",
        "rev": "82a5a98ff6a763cbb24ebcac8cf462556ff3737e",
        "revCount": 151,
        "type": "git",
        "url": "ssh://git@tsa04.isa.ru/textapp/textapp-pkgs"
      },
      "original": {
        "type": "git",
        "url": "ssh://git@tsa04.isa.ru/textapp/textapp-pkgs"
      }
    },
    "udpipe_ext": {
      "inputs": {
        "pylp": "pylp",
        "razdel-fork": "razdel-fork",
        "textapp-pkgs": [
          "textapp-pkgs"
        ]
      },
      "locked": {
        "lastModified": 1678121820,
        "narHash": "sha256-thrnL7y9BrsCUBRBOMuLx0J9eg9y9nV9/rIn7jLsj68=",
        "ref": "refs/heads/master",
        "rev": "64b3255a299d574603ce2e9963db93bbd5707014",
        "revCount": 294,
        "type": "git",
        "url": "ssh://git@tsa04.isa.ru/textapp/udpipe_ext"
      },
      "original": {
        "type": "git",
        "url": "ssh://git@tsa04.isa.ru/textapp/udpipe_ext"
      }
    }
  },
  "root": "root",
  "version": 7
}
